<?xml version="1.0" encoding="utf-8"?>
<Project ToolsVersion="4.0" xmlns="http://schemas.microsoft.com/developer/msbuild/2003">
  <ItemGroup>
    <Filter Include="Source Files">
      <UniqueIdentifier>{4FC737F1-C7A5-4376-A066-2A32D752A2FF}</UniqueIdentifier>
      <Extensions>cpp;c;cc;cxx;def;odl;idl;hpj;bat;asm;asmx</Extensions>
    </Filter>
    <Filter Include="Header Files">
      <UniqueIdentifier>{93995380-89BD-4b04-88EB-625FBE52EBFB}</UniqueIdentifier>
      <Extensions>h;hpp;hxx;hm;inl;inc;xsd</Extensions>
    </Filter>
    <Filter Include="Resource Files">
      <UniqueIdentifier>{67DA6AB6-F800-4c08-8B7A-83BB121AAD01}</UniqueIdentifier>
      <Extensions>rc;ico;cur;bmp;dlg;rc2;rct;bin;rgs;gif;jpg;jpeg;jpe;resx;tiff;tif;png;wav;mfcribbon-ms</Extensions>
    </Filter>
    <Filter Include="ANTLRCompiler">
      <UniqueIdentifier>{8b53b8db-a96c-49b3-99f2-d05c97ef603e}</UniqueIdentifier>
    </Filter>
    <Filter Include="DSLPrograms">
      <UniqueIdentifier>{864fdd4b-9671-48fa-b55b-4c972a21078e}</UniqueIdentifier>
    </Filter>
    <Filter Include="Grammar">
      <UniqueIdentifier>{f3de3071-7cf6-4d77-8048-8283fa2c400e}</UniqueIdentifier>
    </Filter>
    <Filter Include="ANTLRCompilerNew">
      <UniqueIdentifier>{0b363098-4890-45ba-a931-6eaf59ecc0c6}</UniqueIdentifier>
    </Filter>
    <Filter Include="ANTLRCompilerNew\Razredi">
      <UniqueIdentifier>{870c2850-bfd1-470b-b4a2-b1a07d0a7b93}</UniqueIdentifier>
    </Filter>
    <Filter Include="ANTLRCompilerNew\Util">
      <UniqueIdentifier>{53f2d099-c99d-40ca-aaf6-70c490239f7c}</UniqueIdentifier>
    </Filter>
    <Filter Include="ANTLRCompilerNew\Semantika">
      <UniqueIdentifier>{056d83c6-da06-45ef-99be-d2d35ad97175}</UniqueIdentifier>
    </Filter>
  </ItemGroup>
  <ItemGroup>
    <None Include="ReadMe.txt" />
    <None Include="maribor.bmp">
      <Filter>Resource Files</Filter>
    </None>
    <None Include="DSLPrograms\Morph1.dsl">
      <Filter>DSLPrograms</Filter>
    </None>
    <None Include="DSLPrograms\Morph2.dsl">
      <Filter>DSLPrograms</Filter>
    </None>
    <None Include="DSLPrograms\Morph3.dsl">
      <Filter>DSLPrograms</Filter>
    </None>
    <None Include="DSLPrograms\Morph4.dsl">
      <Filter>DSLPrograms</Filter>
    </None>
    <None Include="DSLPrograms\Morph5.dsl">
      <Filter>DSLPrograms</Filter>
    </None>
    <None Include="DSLPrograms\Morph6.dsl">
      <Filter>DSLPrograms</Filter>
    </None>
    <None Include="DSLPrograms\Morph7.dsl">
      <Filter>DSLPrograms</Filter>
    </None>
    <None Include="DSLPrograms\Morph8.dsl">
      <Filter>DSLPrograms</Filter>
    </None>
    <None Include="DSLPrograms\Morph9.dsl">
      <Filter>DSLPrograms</Filter>
    </None>
    <None Include="Grammar\MorphDSL.g">
      <Filter>Grammar</Filter>
    </None>
    <None Include="DSLPrograms\MorphSQL.dsl">
      <Filter>DSLPrograms</Filter>
    </None>
    <None Include="DSLPrograms\MorphSQL_transform.dsl">
      <Filter>DSLPrograms</Filter>
    </None>
    <None Include="DSLPrograms\MorphSQL2.dsl">
      <Filter>DSLPrograms</Filter>
    </None>
    <None Include="DSLPrograms\MorphTest.dsl" />
    <None Include="DSLPrograms\PrimeriDSLjev.txt">
      <Filter>DSLPrograms</Filter>
    </None>
    <None Include="DSLPrograms\MorphSQL2_transform.dsl" />
  </ItemGroup>
  <ItemGroup>
    <ClInclude Include="stdafx.h">
      <Filter>Header Files</Filter>
    </ClInclude>
    <ClInclude Include="targetver.h">
      <Filter>Header Files</Filter>
    </ClInclude>
    <ClInclude Include="Resource.h">
      <Filter>Header Files</Filter>
    </ClInclude>
    <ClInclude Include="ANTLRCompiler\MorphDSL3Lexer.hpp">
      <Filter>ANTLRCompiler</Filter>
    </ClInclude>
    <ClInclude Include="ANTLRCompiler\MorphDSL3Parser.hpp">
      <Filter>ANTLRCompiler</Filter>
    </ClInclude>
    <ClInclude Include="MorphDSL.h">
      <Filter>Header Files</Filter>
    </ClInclude>
    <ClInclude Include="ANTLRCompilerNew\MorphDSLLexer.hpp">
      <Filter>ANTLRCompilerNew</Filter>
    </ClInclude>
    <ClInclude Include="ANTLRCompilerNew\MorphDSLParser.hpp">
      <Filter>ANTLRCompilerNew</Filter>
    </ClInclude>
    <ClInclude Include="ANTLRCompilerNew\Util\Spremenljivka.h">
      <Filter>ANTLRCompilerNew\Util</Filter>
    </ClInclude>
    <ClInclude Include="ANTLRCompilerNew\Razredi\Enums.h">
      <Filter>ANTLRCompilerNew\Razredi</Filter>
    </ClInclude>
    <ClInclude Include="ANTLRCompilerNew\Razredi\SqlWhere.h">
      <Filter>ANTLRCompilerNew\Razredi</Filter>
    </ClInclude>
    <ClInclude Include="ANTLRCompilerNew\Razredi\Sql.h">
      <Filter>ANTLRCompilerNew\Razredi</Filter>
    </ClInclude>
    <ClInclude Include="ANTLRCompilerNew\Semantika\MorphDSLSemantics.h">
      <Filter>ANTLRCompilerNew</Filter>
    </ClInclude>
    <ClInclude Include="ANTLRCompilerNew\Util\Identifier.h">
      <Filter>ANTLRCompilerNew\Util</Filter>
    </ClInclude>
  </ItemGroup>
  <ItemGroup>
    <ClCompile Include="stdafx.cpp">
      <Filter>Source Files</Filter>
    </ClCompile>
    <ClCompile Include="ANTLRCompiler\MorphDSL3Lexer.cpp">
      <Filter>ANTLRCompiler</Filter>
    </ClCompile>
    <ClCompile Include="ANTLRCompiler\MorphDSL3Parser.cpp">
      <Filter>ANTLRCompiler</Filter>
    </ClCompile>
    <ClCompile Include="MorphDSL.cpp">
      <Filter>Source Files</Filter>
    </ClCompile>
    <ClCompile Include="ANTLRCompilerNew\MorphDSLLexer.cpp">
      <Filter>ANTLRCompilerNew</Filter>
    </ClCompile>
    <ClCompile Include="ANTLRCompilerNew\MorphDSLParser.cpp">
      <Filter>ANTLRCompilerNew</Filter>
    </ClCompile>
    <ClCompile Include="ANTLRCompilerNew\Semantika\OperatorsAREA.cpp">
      <Filter>ANTLRCompilerNew\Semantika</Filter>
    </ClCompile>
    <ClCompile Include="ANTLRCompilerNew\Semantika\OperatorsATTRIBUTE.cpp">
      <Filter>ANTLRCompilerNew\Semantika</Filter>
    </ClCompile>
    <ClCompile Include="ANTLRCompilerNew\Semantika\OperatorsBB.cpp">
      <Filter>ANTLRCompilerNew\Semantika</Filter>
    </ClCompile>
    <ClCompile Include="ANTLRCompilerNew\Semantika\OperatorsBG.cpp">
      <Filter>ANTLRCompilerNew\Semantika</Filter>
    </ClCompile>
    <ClCompile Include="ANTLRCompilerNew\Semantika\OperatorsBOX.cpp">
      <Filter>ANTLRCompilerNew\Semantika</Filter>
    </ClCompile>
    <ClCompile Include="ANTLRCompilerNew\Semantika\OperatorsGB.cpp">
      <Filter>ANTLRCompilerNew\Semantika</Filter>
    </ClCompile>
    <ClCompile Include="ANTLRCompilerNew\Semantika\OperatorsGG.cpp">
      <Filter>ANTLRCompilerNew\Semantika</Filter>
    </ClCompile>
    <ClCompile Include="ANTLRCompilerNew\Semantika\OperatorsRECONSTRUCTION.cpp">
      <Filter>ANTLRCompilerNew\Semantika</Filter>
    </ClCompile>
    <ClCompile Include="ANTLRCompilerNew\Semantika\Util.cpp">
      <Filter>ANTLRCompilerNew\Semantika</Filter>
    </ClCompile>
    <ClCompile Include="ANTLRCompilerNew\Semantika\OperatorsSql.cpp">
      <Filter>ANTLRCompilerNew\Semantika</Filter>
    </ClCompile>
    <ClCompile Include="ANTLRCompilerNew\Razredi\Sql.cpp">
      <Filter>ANTLRCompilerNew\Razredi</Filter>
    </ClCompile>
    <ClCompile Include="ANTLRCompilerNew\Razredi\SqlWhere.cpp">
      <Filter>ANTLRCompilerNew\Razredi</Filter>
    </ClCompile>
    <ClCompile Include="ANTLRCompilerNew\Semantika\MorphDSLSemantics.cpp">
      <Filter>ANTLRCompilerNew</Filter>
    </ClCompile>
    <ClCompile Include="ANTLRCompilerNew\Util\Identifier.cpp">
      <Filter>ANTLRCompilerNew\Util</Filter>
    </ClCompile>
  </ItemGroup>
  <ItemGroup>
    <ResourceCompile Include="MorphDSL.rc">
      <Filter>Resource Files</Filter>
    </ResourceCompile>
  </ItemGroup>
</Project>